{
  "name": "@berriz44/quark",
  "version": "1.0.1",
  "lockfileVersion": 3,
  "requires": true,
  "packages": {
    "": {
      "name": "@berriz44/quark",
      "version": "1.0.1",
      "license": "Apache-2.0",
      "dependencies": {
        "@berriz44/quark": "^1.0.1"
      }
    },
    "node_modules/@berriz44/quark": {
      "version": "1.0.1",
      "resolved": "https://registry.npmjs.org/@berriz44/quark/-/quark-1.0.1.tgz",
      "integrity": "sha512-3m2fx527+sGrqPVt/TH2lqhLlfJ7dCDa7cYUjt/KUt5BmgxHYpx1kPV8hykUOSUm6bNB6x5+FO8jl+7Va4nK2w=="
    }
  }
}
